
Microsoft Visual Studio Solution File, Format Version 12.00
# Visual Studio Version 17
VisualStudioVersion = 17.5.2.0
MinimumVisualStudioVersion = 10.0.40219.1
Project("{FAE04EC0-301F-11D3-BF4B-00C04F79EFBC}") = "UnifiStockTracker", "UnifiStockTracker.csproj", "{CCC49638-5310-FBD2-8027-C05C90837CF5}"
EndProject
Project("{FAE04EC0-301F-11D3-BF4B-00C04F79EFBC}") = "UnifiStockTracker.Tests", "UnifiStockTracker.Tests\UnifiStockTracker.Tests.csproj", "{83CDCA88-35B2-4AA0-A629-0815D4393E15}"
EndProject
Global
	GlobalSection(SolutionConfigurationPlatforms) = preSolution
		Debug|Any CPU = Debug|Any CPU
		Debug|x64 = Debug|x64
		Debug|x86 = Debug|x86
		Release|Any CPU = Release|Any CPU
		Release|x64 = Release|x64
		Release|x86 = Release|x86
	EndGlobalSection
	GlobalSection(ProjectConfigurationPlatforms) = postSolution
		{CCC49638-5310-FBD2-8027-C05C90837CF5}.Debug|Any CPU.ActiveCfg = Debug|Any CPU
		{CCC49638-5310-FBD2-8027-C05C90837CF5}.Debug|Any CPU.Build.0 = Debug|Any CPU
		{CCC49638-5310-FBD2-8027-C05C90837CF5}.Debug|x64.ActiveCfg = Debug|Any CPU
		{CCC49638-5310-FBD2-8027-C05C90837CF5}.Debug|x64.Build.0 = Debug|Any CPU
		{CCC49638-5310-FBD2-8027-C05C90837CF5}.Debug|x86.ActiveCfg = Debug|Any CPU
		{CCC49638-5310-FBD2-8027-C05C90837CF5}.Debug|x86.Build.0 = Debug|Any CPU
		{CCC49638-5310-FBD2-8027-C05C90837CF5}.Release|Any CPU.ActiveCfg = Release|Any CPU
		{CCC49638-5310-FBD2-8027-C05C90837CF5}.Release|Any CPU.Build.0 = Release|Any CPU
		{CCC49638-5310-FBD2-8027-C05C90837CF5}.Release|x64.ActiveCfg = Release|Any CPU
		{CCC49638-5310-FBD2-8027-C05C90837CF5}.Release|x64.Build.0 = Release|Any CPU
		{CCC49638-5310-FBD2-8027-C05C90837CF5}.Release|x86.ActiveCfg = Release|Any CPU
		{CCC49638-5310-FBD2-8027-C05C90837CF5}.Release|x86.Build.0 = Release|Any CPU
		{83CDCA88-35B2-4AA0-A629-0815D4393E15}.Debug|Any CPU.ActiveCfg = Debug|Any CPU
		{83CDCA88-35B2-4AA0-A629-0815D4393E15}.Debug|Any CPU.Build.0 = Debug|Any CPU
		{83CDCA88-35B2-4AA0-A629-0815D4393E15}.Debug|x64.ActiveCfg = Debug|Any CPU
		{83CDCA88-35B2-4AA0-A629-0815D4393E15}.Debug|x64.Build.0 = Debug|Any CPU
		{83CDCA88-35B2-4AA0-A629-0815D4393E15}.Debug|x86.ActiveCfg = Debug|Any CPU
		{83CDCA88-35B2-4AA0-A629-0815D4393E15}.Debug|x86.Build.0 = Debug|Any CPU
		{83CDCA88-35B2-4AA0-A629-0815D4393E15}.Release|Any CPU.ActiveCfg = Release|Any CPU
		{83CDCA88-35B2-4AA0-A629-0815D4393E15}.Release|Any CPU.Build.0 = Release|Any CPU
		{83CDCA88-35B2-4AA0-A629-0815D4393E15}.Release|x64.ActiveCfg = Release|Any CPU
		{83CDCA88-35B2-4AA0-A629-0815D4393E15}.Release|x64.Build.0 = Release|Any CPU
		{83CDCA88-35B2-4AA0-A629-0815D4393E15}.Release|x86.ActiveCfg = Release|Any CPU
		{83CDCA88-35B2-4AA0-A629-0815D4393E15}.Release|x86.Build.0 = Release|Any CPU
	EndGlobalSection
	GlobalSection(SolutionProperties) = preSolution
		HideSolutionNode = FALSE
	EndGlobalSection
	GlobalSection(ExtensibilityGlobals) = postSolution
		SolutionGuid = {2A92C1CF-C71D-495E-891C-C3F1DBFF0FEB}
	EndGlobalSection
EndGlobal
